
Microsoft Visual Studio Solution File, Format Version 12.00
# Visual Studio Version 17
VisualStudioVersion = 17.9.34728.123
MinimumVisualStudioVersion = 10.0.40219.1
Project("{FAE04EC0-301F-11D3-BF4B-00C04F79EFBC}") = "PaymentService", "PaymentService.csproj", "{6AA7DEEA-D021-4E1B-9D4A-2C21A9D21289}"
EndProject
Global
	GlobalSection(SolutionConfigurationPlatforms) = preSolution
		Debug|Any CPU = Debug|Any CPU
		Release|Any CPU = Release|Any CPU
	EndGlobalSection
	GlobalSection(ProjectConfigurationPlatforms) = postSolution
		{6AA7DEEA-D021-4E1B-9D4A-2C21A9D21289}.Debug|Any CPU.ActiveCfg = Debug|Any CPU
		{6AA7DEEA-D021-4E1B-9D4A-2C21A9D21289}.Debug|Any CPU.Build.0 = Debug|Any CPU
		{6AA7DEEA-D021-4E1B-9D4A-2C21A9D21289}.Release|Any CPU.ActiveCfg = Release|Any CPU
		{6AA7DEEA-D021-4E1B-9D4A-2C21A9D21289}.Release|Any CPU.Build.0 = Release|Any CPU
	EndGlobalSection
	GlobalSection(SolutionProperties) = preSolution
		HideSolutionNode = FALSE
	EndGlobalSection
	GlobalSection(ExtensibilityGlobals) = postSolution
		SolutionGuid = {27C0BB57-E7C3-43BD-AB79-F78865C788C9}
	EndGlobalSection
EndGlobal
